<?xml version="1.0" encoding="UTF-8"?>
<CONFIG>
  <ProjectOptions>
    <Version Value="12"/>
    <PathDelim Value="\"/>
    <General>
      <Flags>
        <MainUnitHasCreateFormStatements Value="False"/>
        <MainUnitHasTitleStatement Value="False"/>
        <MainUnitHasScaledStatement Value="False"/>
      </Flags>
      <SessionStorage Value="InProjectDir"/>
      <Title Value="PreviewHTML"/>
      <UseAppBundle Value="False"/>
      <ResourceType Value="res"/>
    </General>
    <BuildModes>
      <Item Name="Debug" Default="True"/>
      <Item Name="Release">
        <CompilerOptions>
          <Version Value="11"/>
          <PathDelim Value="\"/>
          <Target>
            <Filename Value="..\..\out\$(TargetCPU)-$(TargetOS)\$(BuildMode)\$NameOnly($(ProjFile))"/>
          </Target>
          <SearchPaths>
            <IncludeFiles Value="$(ProjOutDir)"/>
            <OtherUnitFiles Value="..;..\lib\Source\Units\Common;..\lib\Source\Forms\Common"/>
            <UnitOutputDirectory Value="..\..\out\obj\$(TargetCPU)-$(TargetOS)\$(BuildMode)\$NameOnly($(ProjFile))"/>
          </SearchPaths>
          <Parsing>
            <SyntaxOptions>
              <SyntaxMode Value="Delphi"/>
              <UseAnsiStrings Value="False"/>
            </SyntaxOptions>
          </Parsing>
          <CodeGeneration>
            <RelocatableUnit Value="True"/>
            <TargetCPU Value="x86_64"/>
            <Optimizations>
              <OptimizationLevel Value="3"/>
            </Optimizations>
            <SmallerCode Value="True"/>
          </CodeGeneration>
          <Linking>
            <Debugging>
              <GenerateDebugInfo Value="False"/>
              <StripSymbols Value="True"/>
            </Debugging>
            <Options>
              <Win32>
                <GraphicApplication Value="True"/>
              </Win32>
              <ExecutableType Value="Library"/>
            </Options>
          </Linking>
          <Other>
            <CustomOptions Value="-FcUTF8 -vm4055 -vm5024 -vm5094 -dSCI_DISABLE_PROVISIONAL"/>
            <ExecuteBefore>
              <Command Value="$(CompPath)\..\fpcres.exe -i $NameOnly($(ProjFile)).rc -o $NameOnly($(ProjFile)).res -of res -v"/>
              <CompileReasons Run="False"/>
            </ExecuteBefore>
            <ExecuteAfter>
              <Command Value="$Env(ComSpec) /c $(ProjPath)..\..\lazarus\post_build.cmd $(TargetOS) $Path($(OutputFile))"/>
              <CompileReasons Run="False"/>
            </ExecuteAfter>
          </Other>
        </CompilerOptions>
      </Item>
      <SharedMatrixOptions Count="1">
        <Item1 ID="890710945042" Targets="#project,WebView4Delphi" Modes="Release" Value="-O3s"/>
      </SharedMatrixOptions>
    </BuildModes>
    <PublishOptions>
      <Version Value="2"/>
      <UseFileFilters Value="True"/>
    </PublishOptions>
    <RunParams>
      <FormatVersion Value="2"/>
    </RunParams>
    <RequiredPackages>
      <Item>
        <PackageName Value="WebView4Delphi"/>
        <DefaultFilename Value="..\WebView4Delphi\packages\webview4delphi.lpk" Prefer="True"/>
      </Item>
      <Item>
        <PackageName Value="LCL"/>
      </Item>
    </RequiredPackages>
    <Units>
      <Unit>
        <Filename Value="PreviewHTML.lpr"/>
        <IsPartOfProject Value="True"/>
      </Unit>
      <Unit>
        <Filename Value="..\lib\Source\Units\Common\NppPlugin.pas"/>
        <IsPartOfProject Value="True"/>
      </Unit>
      <Unit>
        <Filename Value="..\lib\Source\Forms\Common\NppForms.pas"/>
        <IsPartOfProject Value="True"/>
        <ComponentName Value="NppForm"/>
        <HasResources Value="True"/>
        <ResourceBaseClass Value="Form"/>
      </Unit>
      <Unit>
        <Filename Value="..\lib\Source\Forms\Common\NppDockingForms.pas"/>
        <IsPartOfProject Value="True"/>
        <ComponentName Value="NppDockingForm"/>
        <HasResources Value="True"/>
        <ResourceBaseClass Value="Form"/>
      </Unit>
      <Unit>
        <Filename Value="..\U_Npp_PreviewHTML.pas"/>
        <IsPartOfProject Value="True"/>
      </Unit>
      <Unit>
        <Filename Value="..\F_About.pas"/>
        <IsPartOfProject Value="True"/>
        <ComponentName Value="AboutForm"/>
        <HasResources Value="True"/>
        <ResourceBaseClass Value="Form"/>
      </Unit>
      <Unit>
        <Filename Value="..\F_PreviewHTML.pas"/>
        <IsPartOfProject Value="True"/>
        <ComponentName Value="frmHTMLPreview"/>
        <HasResources Value="True"/>
        <ResourceBaseClass Value="Form"/>
      </Unit>
      <Unit>
        <Filename Value="..\lib\Source\Units\Common\VersionInfo.pas"/>
        <IsPartOfProject Value="True"/>
      </Unit>
      <Unit>
        <Filename Value="..\lib\Source\Units\Common\ModulePath.pas"/>
        <IsPartOfProject Value="True"/>
      </Unit>
      <Unit>
        <Filename Value="..\common\RegExpr.pas"/>
        <IsPartOfProject Value="True"/>
      </Unit>
      <Unit>
        <Filename Value="..\U_CustomFilter.pas"/>
        <IsPartOfProject Value="True"/>
      </Unit>
      <Unit>
        <Filename Value="..\common\customstreams.pas"/>
        <IsPartOfProject Value="True"/>
      </Unit>
    </Units>
  </ProjectOptions>
  <CompilerOptions>
    <Version Value="11"/>
    <PathDelim Value="\"/>
    <Target>
      <Filename Value="..\..\out\$(TargetCPU)-$(TargetOS)\$(BuildMode)\$NameOnly($(ProjFile))"/>
    </Target>
    <SearchPaths>
      <IncludeFiles Value="$(ProjOutDir)"/>
      <OtherUnitFiles Value="..;..\lib\Source\Units\Common;..\lib\Source\Forms\Common"/>
      <UnitOutputDirectory Value="..\..\out\obj\$(TargetCPU)-$(TargetOS)\$(BuildMode)\$NameOnly($(ProjFile))"/>
    </SearchPaths>
    <Parsing>
      <SyntaxOptions>
        <SyntaxMode Value="Delphi"/>
        <IncludeAssertionCode Value="True"/>
        <UseAnsiStrings Value="False"/>
      </SyntaxOptions>
    </Parsing>
    <CodeGeneration>
      <Checks>
        <IOChecks Value="True"/>
        <RangeChecks Value="True"/>
        <OverflowChecks Value="True"/>
        <StackChecks Value="True"/>
      </Checks>
      <VerifyObjMethodCallValidity Value="True"/>
    </CodeGeneration>
    <Linking>
      <Debugging>
        <DebugInfoType Value="dsDwarf3"/>
        <UseHeaptrc Value="True"/>
        <TrashVariables Value="True"/>
        <UseExternalDbgSyms Value="True"/>
      </Debugging>
      <Options>
        <Win32>
          <GraphicApplication Value="True"/>
        </Win32>
        <ExecutableType Value="Library"/>
      </Options>
    </Linking>
    <Other>
      <CustomOptions Value="-FcUTF8 -dDEBUG -dSCI_DISABLE_PROVISIONAL"/>
      <ExecuteBefore>
        <Command Value="$(CompPath)\..\fpcres.exe -i $NameOnly($(ProjFile)).rc -o $NameOnly($(ProjFile)).res -of res -v"/>
        <CompileReasons Run="False"/>
      </ExecuteBefore>
      <ExecuteAfter>
        <Command Value="$Env(ComSpec) /c $(ProjPath)..\..\lazarus\post_build.cmd $(TargetOS) $Path($(OutputFile))"/>
        <CompileReasons Run="False"/>
      </ExecuteAfter>
    </Other>
  </CompilerOptions>
  <Debugging>
    <Exceptions>
      <Item>
        <Name Value="EAbort"/>
      </Item>
      <Item>
        <Name Value="ECodetoolError"/>
      </Item>
      <Item>
        <Name Value="EFOpenError"/>
      </Item>
    </Exceptions>
  </Debugging>
</CONFIG>
